version = 1
revision = 3
requires-python = ">=3.13"

[[package]]
name = "attrs"
version = "25.4.0"
source = { registry = "https://pypi.org/simple" }
sdist = { url = "https://files.pythonhosted.org/packages/6b/5c/685e6633917e101e5dcb62b9dd76946cbb57c26e133bae9e0cd36033c0a9/attrs-25.4.0.tar.gz", hash = "sha256:16d5969b87f0859ef33a48b35d55ac1be6e42ae49d5e853b597db70c35c57e11", size = 934251, upload-time = "2025-10-06T13:54:44.725Z" }
wheels = [
    { url = "https://files.pythonhosted.org/packages/3a/2a/7cc015f5b9f5db42b7d48157e23356022889fc354a2813c15934b7cb5c0e/attrs-25.4.0-py3-none-any.whl", hash = "sha256:adcf7e2a1fb3b36ac48d97835bb6d8ade15b8dcce26aba8bf1d14847b57a3373", size = 67615, upload-time = "2025-10-06T13:54:43.17Z" },
]

[[package]]
name = "orjson"
version = "3.11.4"
source = { registry = "https://pypi.org/simple" }
sdist = { url = "https://files.pythonhosted.org/packages/c6/fe/ed708782d6709cc60eb4c2d8a361a440661f74134675c72990f2c48c785f/orjson-3.11.4.tar.gz", hash = "sha256:39485f4ab4c9b30a3943cfe99e1a213c4776fb69e8abd68f66b83d5a0b0fdc6d", size = 5945188, upload-time = "2025-10-24T15:50:38.027Z" }
wheels = [
    { url = "https://files.pythonhosted.org/packages/23/15/c52aa7112006b0f3d6180386c3a46ae057f932ab3425bc6f6ac50431cca1/orjson-3.11.4-cp313-cp313-macosx_10_15_x86_64.macosx_11_0_arm64.macosx_10_15_universal2.whl", hash = "sha256:2d6737d0e616a6e053c8b4acc9eccea6b6cce078533666f32d140e4f85002534", size = 243525, upload-time = "2025-10-24T15:49:29.737Z" },
    { url = "https://files.pythonhosted.org/packages/ec/38/05340734c33b933fd114f161f25a04e651b0c7c33ab95e9416ade5cb44b8/orjson-3.11.4-cp313-cp313-macosx_15_0_arm64.whl", hash = "sha256:afb14052690aa328cc118a8e09f07c651d301a72e44920b887c519b313d892ff", size = 128871, upload-time = "2025-10-24T15:49:31.109Z" },
    { url = "https://files.pythonhosted.org/packages/55/b9/ae8d34899ff0c012039b5a7cb96a389b2476e917733294e498586b45472d/orjson-3.11.4-cp313-cp313-manylinux_2_17_aarch64.manylinux2014_aarch64.whl", hash = "sha256:38aa9e65c591febb1b0aed8da4d469eba239d434c218562df179885c94e1a3ad", size = 130055, upload-time = "2025-10-24T15:49:33.382Z" },
    { url = "https://files.pythonhosted.org/packages/33/aa/6346dd5073730451bee3681d901e3c337e7ec17342fb79659ec9794fc023/orjson-3.11.4-cp313-cp313-manylinux_2_17_armv7l.manylinux2014_armv7l.whl", hash = "sha256:f2cf4dfaf9163b0728d061bebc1e08631875c51cd30bf47cb9e3293bfbd7dcd5", size = 129061, upload-time = "2025-10-24T15:49:34.935Z" },
    { url = "https://files.pythonhosted.org/packages/39/e4/8eea51598f66a6c853c380979912d17ec510e8e66b280d968602e680b942/orjson-3.11.4-cp313-cp313-manylinux_2_17_i686.manylinux2014_i686.whl", hash = "sha256:89216ff3dfdde0e4070932e126320a1752c9d9a758d6a32ec54b3b9334991a6a", size = 136541, upload-time = "2025-10-24T15:49:36.923Z" },
    { url = "https://files.pythonhosted.org/packages/9a/47/cb8c654fa9adcc60e99580e17c32b9e633290e6239a99efa6b885aba9dbc/orjson-3.11.4-cp313-cp313-manylinux_2_17_ppc64le.manylinux2014_ppc64le.whl", hash = "sha256:9daa26ca8e97fae0ce8aa5d80606ef8f7914e9b129b6b5df9104266f764ce436", size = 137535, upload-time = "2025-10-24T15:49:38.307Z" },
    { url = "https://files.pythonhosted.org/packages/43/92/04b8cc5c2b729f3437ee013ce14a60ab3d3001465d95c184758f19362f23/orjson-3.11.4-cp313-cp313-manylinux_2_17_s390x.manylinux2014_s390x.whl", hash = "sha256:5c8b2769dc31883c44a9cd126560327767f848eb95f99c36c9932f51090bfce9", size = 136703, upload-time = "2025-10-24T15:49:40.795Z" },
    { url = "https://files.pythonhosted.org/packages/aa/fd/d0733fcb9086b8be4ebcfcda2d0312865d17d0d9884378b7cffb29d0763f/orjson-3.11.4-cp313-cp313-manylinux_2_17_x86_64.manylinux2014_x86_64.whl", hash = "sha256:1469d254b9884f984026bd9b0fa5bbab477a4bfe558bba6848086f6d43eb5e73", size = 136293, upload-time = "2025-10-24T15:49:42.347Z" },
    { url = "https://files.pythonhosted.org/packages/c2/d7/3c5514e806837c210492d72ae30ccf050ce3f940f45bf085bab272699ef4/orjson-3.11.4-cp313-cp313-musllinux_1_2_aarch64.whl", hash = "sha256:68e44722541983614e37117209a194e8c3ad07838ccb3127d96863c95ec7f1e0", size = 140131, upload-time = "2025-10-24T15:49:43.638Z" },
    { url = "https://files.pythonhosted.org/packages/9c/dd/ba9d32a53207babf65bd510ac4d0faaa818bd0df9a9c6f472fe7c254f2e3/orjson-3.11.4-cp313-cp313-musllinux_1_2_armv7l.whl", hash = "sha256:8e7805fda9672c12be2f22ae124dcd7b03928d6c197544fe12174b86553f3196", size = 406164, upload-time = "2025-10-24T15:49:45.498Z" },
    { url = "https://files.pythonhosted.org/packages/8e/f9/f68ad68f4af7c7bde57cd514eaa2c785e500477a8bc8f834838eb696a685/orjson-3.11.4-cp313-cp313-musllinux_1_2_i686.whl", hash = "sha256:04b69c14615fb4434ab867bf6f38b2d649f6f300af30a6705397e895f7aec67a", size = 149859, upload-time = "2025-10-24T15:49:46.981Z" },
    { url = "https://files.pythonhosted.org/packages/b6/d2/7f847761d0c26818395b3d6b21fb6bc2305d94612a35b0a30eae65a22728/orjson-3.11.4-cp313-cp313-musllinux_1_2_x86_64.whl", hash = "sha256:639c3735b8ae7f970066930e58cf0ed39a852d417c24acd4a25fc0b3da3c39a6", size = 139926, upload-time = "2025-10-24T15:49:48.321Z" },
    { url = "https://files.pythonhosted.org/packages/9f/37/acd14b12dc62db9a0e1d12386271b8661faae270b22492580d5258808975/orjson-3.11.4-cp313-cp313-win32.whl", hash = "sha256:6c13879c0d2964335491463302a6ca5ad98105fc5db3565499dcb80b1b4bd839", size = 136007, upload-time = "2025-10-24T15:49:49.938Z" },
    { url = "https://files.pythonhosted.org/packages/c0/a9/967be009ddf0a1fffd7a67de9c36656b28c763659ef91352acc02cbe364c/orjson-3.11.4-cp313-cp313-win_amd64.whl", hash = "sha256:09bf242a4af98732db9f9a1ec57ca2604848e16f132e3f72edfd3c5c96de009a", size = 131314, upload-time = "2025-10-24T15:49:51.248Z" },
    { url = "https://files.pythonhosted.org/packages/cb/db/399abd6950fbd94ce125cb8cd1a968def95174792e127b0642781e040ed4/orjson-3.11.4-cp313-cp313-win_arm64.whl", hash = "sha256:a85f0adf63319d6c1ba06fb0dbf997fced64a01179cf17939a6caca662bf92de", size = 126152, upload-time = "2025-10-24T15:49:52.922Z" },
    { url = "https://files.pythonhosted.org/packages/25/e3/54ff63c093cc1697e758e4fceb53164dd2661a7d1bcd522260ba09f54533/orjson-3.11.4-cp314-cp314-macosx_10_15_x86_64.macosx_11_0_arm64.macosx_10_15_universal2.whl", hash = "sha256:42d43a1f552be1a112af0b21c10a5f553983c2a0938d2bbb8ecd8bc9fb572803", size = 243501, upload-time = "2025-10-24T15:49:54.288Z" },
    { url = "https://files.pythonhosted.org/packages/ac/7d/e2d1076ed2e8e0ae9badca65bf7ef22710f93887b29eaa37f09850604e09/orjson-3.11.4-cp314-cp314-macosx_15_0_arm64.whl", hash = "sha256:26a20f3fbc6c7ff2cb8e89c4c5897762c9d88cf37330c6a117312365d6781d54", size = 128862, upload-time = "2025-10-24T15:49:55.961Z" },
    { url = "https://files.pythonhosted.org/packages/9f/37/ca2eb40b90621faddfa9517dfe96e25f5ae4d8057a7c0cdd613c17e07b2c/orjson-3.11.4-cp314-cp314-manylinux_2_17_aarch64.manylinux2014_aarch64.whl", hash = "sha256:6e3f20be9048941c7ffa8fc523ccbd17f82e24df1549d1d1fe9317712d19938e", size = 130047, upload-time = "2025-10-24T15:49:57.406Z" },
    { url = "https://files.pythonhosted.org/packages/c7/62/1021ed35a1f2bad9040f05fa4cc4f9893410df0ba3eaa323ccf899b1c90a/orjson-3.11.4-cp314-cp314-manylinux_2_17_armv7l.manylinux2014_armv7l.whl", hash = "sha256:aac364c758dc87a52e68e349924d7e4ded348dedff553889e4d9f22f74785316", size = 129073, upload-time = "2025-10-24T15:49:58.782Z" },
    { url = "https://files.pythonhosted.org/packages/e8/3f/f84d966ec2a6fd5f73b1a707e7cd876813422ae4bf9f0145c55c9c6a0f57/orjson-3.11.4-cp314-cp314-manylinux_2_17_i686.manylinux2014_i686.whl", hash = "sha256:d5c54a6d76e3d741dcc3f2707f8eeb9ba2a791d3adbf18f900219b62942803b1", size = 136597, upload-time = "2025-10-24T15:50:00.12Z" },
    { url = "https://files.pythonhosted.org/packages/32/78/4fa0aeca65ee82bbabb49e055bd03fa4edea33f7c080c5c7b9601661ef72/orjson-3.11.4-cp314-cp314-manylinux_2_17_ppc64le.manylinux2014_ppc64le.whl", hash = "sha256:f28485bdca8617b79d44627f5fb04336897041dfd9fa66d383a49d09d86798bc", size = 137515, upload-time = "2025-10-24T15:50:01.57Z" },
    { url = "https://files.pythonhosted.org/packages/c1/9d/0c102e26e7fde40c4c98470796d050a2ec1953897e2c8ab0cb95b0759fa2/orjson-3.11.4-cp314-cp314-manylinux_2_17_s390x.manylinux2014_s390x.whl", hash = "sha256:bfc2a484cad3585e4ba61985a6062a4c2ed5c7925db6d39f1fa267c9d166487f", size = 136703, upload-time = "2025-10-24T15:50:02.944Z" },
    { url = "https://files.pythonhosted.org/packages/df/ac/2de7188705b4cdfaf0b6c97d2f7849c17d2003232f6e70df98602173f788/orjson-3.11.4-cp314-cp314-manylinux_2_17_x86_64.manylinux2014_x86_64.whl", hash = "sha256:e34dbd508cb91c54f9c9788923daca129fe5b55c5b4eebe713bf5ed3791280cf", size = 136311, upload-time = "2025-10-24T15:50:04.441Z" },
    { url = "https://files.pythonhosted.org/packages/e0/52/847fcd1a98407154e944feeb12e3b4d487a0e264c40191fb44d1269cbaa1/orjson-3.11.4-cp314-cp314-musllinux_1_2_aarch64.whl", hash = "sha256:b13c478fa413d4b4ee606ec8e11c3b2e52683a640b006bb586b3041c2ca5f606", size = 140127, upload-time = "2025-10-24T15:50:07.398Z" },
    { url = "https://files.pythonhosted.org/packages/c1/ae/21d208f58bdb847dd4d0d9407e2929862561841baa22bdab7aea10ca088e/orjson-3.11.4-cp314-cp314-musllinux_1_2_armv7l.whl", hash = "sha256:724ca721ecc8a831b319dcd72cfa370cc380db0bf94537f08f7edd0a7d4e1780", size = 406201, upload-time = "2025-10-24T15:50:08.796Z" },
    { url = "https://files.pythonhosted.org/packages/8d/55/0789d6de386c8366059db098a628e2ad8798069e94409b0d8935934cbcb9/orjson-3.11.4-cp314-cp314-musllinux_1_2_i686.whl", hash = "sha256:977c393f2e44845ce1b540e19a786e9643221b3323dae190668a98672d43fb23", size = 149872, upload-time = "2025-10-24T15:50:10.234Z" },
    { url = "https://files.pythonhosted.org/packages/cc/1d/7ff81ea23310e086c17b41d78a72270d9de04481e6113dbe2ac19118f7fb/orjson-3.11.4-cp314-cp314-musllinux_1_2_x86_64.whl", hash = "sha256:1e539e382cf46edec157ad66b0b0872a90d829a6b71f17cb633d6c160a223155", size = 139931, upload-time = "2025-10-24T15:50:11.623Z" },
    { url = "https://files.pythonhosted.org/packages/77/92/25b886252c50ed64be68c937b562b2f2333b45afe72d53d719e46a565a50/orjson-3.11.4-cp314-cp314-win32.whl", hash = "sha256:d63076d625babab9db5e7836118bdfa086e60f37d8a174194ae720161eb12394", size = 136065, upload-time = "2025-10-24T15:50:13.025Z" },
    { url = "https://files.pythonhosted.org/packages/63/b8/718eecf0bb7e9d64e4956afaafd23db9f04c776d445f59fe94f54bdae8f0/orjson-3.11.4-cp314-cp314-win_amd64.whl", hash = "sha256:0a54d6635fa3aaa438ae32e8570b9f0de36f3f6562c308d2a2a452e8b0592db1", size = 131310, upload-time = "2025-10-24T15:50:14.46Z" },
    { url = "https://files.pythonhosted.org/packages/1a/bf/def5e25d4d8bfce296a9a7c8248109bf58622c21618b590678f945a2c59c/orjson-3.11.4-cp314-cp314-win_arm64.whl", hash = "sha256:78b999999039db3cf58f6d230f524f04f75f129ba3d1ca2ed121f8657e575d3d", size = 126151, upload-time = "2025-10-24T15:50:15.878Z" },
]

[[package]]
name = "rotoger"
version = "0.1.1"
source = { editable = "." }
dependencies = [
    { name = "attrs" },
    { name = "orjson" },
    { name = "structlog" },
    { name = "whenever" },
]

[package.metadata]
requires-dist = [
    { name = "attrs", specifier = ">=25.3.0" },
    { name = "orjson", specifier = ">=3.11.4" },
    { name = "structlog", specifier = ">=25.5.0" },
    { name = "whenever", specifier = ">=0.9.3" },
]

[[package]]
name = "structlog"
version = "25.5.0"
source = { registry = "https://pypi.org/simple" }
sdist = { url = "https://files.pythonhosted.org/packages/ef/52/9ba0f43b686e7f3ddfeaa78ac3af750292662284b3661e91ad5494f21dbc/structlog-25.5.0.tar.gz", hash = "sha256:098522a3bebed9153d4570c6d0288abf80a031dfdb2048d59a49e9dc2190fc98", size = 1460830, upload-time = "2025-10-27T08:28:23.028Z" }
wheels = [
    { url = "https://files.pythonhosted.org/packages/a8/45/a132b9074aa18e799b891b91ad72133c98d8042c70f6240e4c5f9dabee2f/structlog-25.5.0-py3-none-any.whl", hash = "sha256:a8453e9b9e636ec59bd9e79bbd4a72f025981b3ba0f5837aebf48f02f37a7f9f", size = 72510, upload-time = "2025-10-27T08:28:21.535Z" },
]

[[package]]
name = "tzdata"
version = "2025.2"
source = { registry = "https://pypi.org/simple" }
sdist = { url = "https://files.pythonhosted.org/packages/95/32/1a225d6164441be760d75c2c42e2780dc0873fe382da3e98a2e1e48361e5/tzdata-2025.2.tar.gz", hash = "sha256:b60a638fcc0daffadf82fe0f57e53d06bdec2f36c4df66280ae79bce6bd6f2b9", size = 196380, upload-time = "2025-03-23T13:54:43.652Z" }
wheels = [
    { url = "https://files.pythonhosted.org/packages/5c/23/c7abc0ca0a1526a0774eca151daeb8de62ec457e77262b66b359c3c7679e/tzdata-2025.2-py2.py3-none-any.whl", hash = "sha256:1a403fada01ff9221ca8044d701868fa132215d84beb92242d9acd2147f667a8", size = 347839, upload-time = "2025-03-23T13:54:41.845Z" },
]

[[package]]
name = "tzlocal"
version = "5.3.1"
source = { registry = "https://pypi.org/simple" }
dependencies = [
    { name = "tzdata", marker = "sys_platform == 'win32'" },
]
sdist = { url = "https://files.pythonhosted.org/packages/8b/2e/c14812d3d4d9cd1773c6be938f89e5735a1f11a9f184ac3639b93cef35d5/tzlocal-5.3.1.tar.gz", hash = "sha256:cceffc7edecefea1f595541dbd6e990cb1ea3d19bf01b2809f362a03dd7921fd", size = 30761, upload-time = "2025-03-05T21:17:41.549Z" }
wheels = [
    { url = "https://files.pythonhosted.org/packages/c2/14/e2a54fabd4f08cd7af1c07030603c3356b74da07f7cc056e600436edfa17/tzlocal-5.3.1-py3-none-any.whl", hash = "sha256:eb1a66c3ef5847adf7a834f1be0800581b683b5608e74f86ecbcef8ab91bb85d", size = 18026, upload-time = "2025-03-05T21:17:39.857Z" },
]

[[package]]
name = "whenever"
version = "0.9.3"
source = { registry = "https://pypi.org/simple" }
dependencies = [
    { name = "tzdata", marker = "sys_platform == 'win32'" },
    { name = "tzlocal", marker = "sys_platform != 'darwin' and sys_platform != 'linux'" },
]
sdist = { url = "https://files.pythonhosted.org/packages/87/ae/dcbfee50237cedca9153cac045dff6d93b81886f44f82c86493856592d55/whenever-0.9.3.tar.gz", hash = "sha256:22e6f8366767ab3c8be6d9e21a27bc56be2e50f0f2c66d78e8ee86497b579f1a", size = 256933, upload-time = "2025-10-16T19:44:40.832Z" }
wheels = [
    { url = "https://files.pythonhosted.org/packages/b4/01/543ce9ecaa8dd288b5bd830db221a1508b3662196022f001818f4de36ef3/whenever-0.9.3-cp313-cp313-macosx_10_12_x86_64.whl", hash = "sha256:4ace9aeb97f2b62442486daf7debf6967a62ffe5d1e8293f1cba690bea8fbbc3", size = 457297, upload-time = "2025-10-16T19:44:15.921Z" },
    { url = "https://files.pythonhosted.org/packages/7b/d7/d89a6f1b1ea4a2768c813443d7be007377402fa0db99c62c393965165159/whenever-0.9.3-cp313-cp313-macosx_11_0_arm64.whl", hash = "sha256:01dcd44c16c910ed99a2960df9e591fb3bb7c7ced7cfe93640b74d79957e117b", size = 430008, upload-time = "2025-10-16T19:44:07.25Z" },
    { url = "https://files.pythonhosted.org/packages/c0/ed/80080d1b9bf5bfa2458691d2c97ac50132ea6ab1ac87b36b1e0d5435a8e9/whenever-0.9.3-cp313-cp313-manylinux_2_17_aarch64.manylinux2014_aarch64.whl", hash = "sha256:3fdecc368809f1b6103247785edc4350c1aabb99da79d6b788d55d3b6969f494", size = 447873, upload-time = "2025-10-16T19:42:39.674Z" },
    { url = "https://files.pythonhosted.org/packages/2d/92/316bc3cade4e781199f0483b30f5337c851d193cbe4269f5e1008f58a37b/whenever-0.9.3-cp313-cp313-manylinux_2_17_armv7l.manylinux2014_armv7l.whl", hash = "sha256:4558c7512a2e81cdfaa658c37e3d6380a64b5d9b19d31fc81433f4dd6c77eb02", size = 495189, upload-time = "2025-10-16T19:42:57.461Z" },
    { url = "https://files.pythonhosted.org/packages/12/22/fe521e469d91c8436c5ed57cbee7f5b79e8e389863724b7c4d3d6f6f1834/whenever-0.9.3-cp313-cp313-manylinux_2_17_ppc64le.manylinux2014_ppc64le.whl", hash = "sha256:33c44afb784af1c1d49394adc10bc563430a2f43f2ea3cfbd0add4ffed6d073d", size = 489191, upload-time = "2025-10-16T19:43:14.847Z" },
    { url = "https://files.pythonhosted.org/packages/e1/ca/8e3a1fd4ff8dfeac17de2b3a8ca04f5da2de1e689016f4e5775649cab425/whenever-0.9.3-cp313-cp313-manylinux_2_17_s390x.manylinux2014_s390x.whl", hash = "sha256:d2674b5be8c3d4cf436fc6a83487c3d6c1aecfd382a8684441eb786e6188feac", size = 519736, upload-time = "2025-10-16T19:43:23.397Z" },
    { url = "https://files.pythonhosted.org/packages/5c/55/238408391f365958286ec2038ff9d2a05959595703d2980cd635a2d846f5/whenever-0.9.3-cp313-cp313-manylinux_2_17_x86_64.manylinux2014_x86_64.whl", hash = "sha256:1d91016f4eef16b8cb407bb82d6db1567c8910f32e1658601893f43983f76d63", size = 479003, upload-time = "2025-10-16T19:43:49.793Z" },
    { url = "https://files.pythonhosted.org/packages/e6/31/f88049209533d7410fe260671f1bdbac6cb0f312687c4358dbfcd0e39aca/whenever-0.9.3-cp313-cp313-manylinux_2_5_i686.manylinux1_i686.whl", hash = "sha256:a4907d1be23e3733880e12ad5b8b531cfebaab8e91c40f10eee7f505d43e584f", size = 517910, upload-time = "2025-10-16T19:43:31.156Z" },
    { url = "https://files.pythonhosted.org/packages/73/83/4fac892a01d50b2039699ccddf8f9a35487f5b50b693aea30d087f308f43/whenever-0.9.3-cp313-cp313-musllinux_1_2_aarch64.whl", hash = "sha256:7cde6cc29afc5df4e4d942422eaabafe71700e6dae9c453c5086ce19f738c4e0", size = 626366, upload-time = "2025-10-16T19:42:49.843Z" },
    { url = "https://files.pythonhosted.org/packages/f0/bc/f277b2b980c4160be3f6ef51045bdb1b1ac7ec567c14867d17327130cc95/whenever-0.9.3-cp313-cp313-musllinux_1_2_armv7l.whl", hash = "sha256:5119d80bdbc8b9512c6abaaf0304c49c75ce2c25a043df2e3e1c50244b809300", size = 759918, upload-time = "2025-10-16T19:43:06.808Z" },
    { url = "https://files.pythonhosted.org/packages/07/6e/1a8a6074388b730d8d85cd73e916efc8c185396da7c8502e22e8a9da0ee3/whenever-0.9.3-cp313-cp313-musllinux_1_2_i686.whl", hash = "sha256:6df53862974feb711377fdcf9c31ce0668f86065e8b7b591ced3e3e8dbaa440a", size = 690300, upload-time = "2025-10-16T19:43:40.558Z" },
    { url = "https://files.pythonhosted.org/packages/d8/44/28ce2dca9293c1c7533665bc8669918c0a5618ed5c101766b9ad08887bb3/whenever-0.9.3-cp313-cp313-musllinux_1_2_x86_64.whl", hash = "sha256:57bca91312d5d6efdf6c58bfe2190ca6837b64096ed23e6f14acfe0e3d73d129", size = 650040, upload-time = "2025-10-16T19:43:58.41Z" },
    { url = "https://files.pythonhosted.org/packages/ec/9f/328c44ce32a7ea586d16514d07e4a7ebce3586a8a6b08027851cf7b470cf/whenever-0.9.3-cp313-cp313-win32.whl", hash = "sha256:ca6b11f41ab93d6bd9db94e367ef06f27f5ce2fc76b077f9d2cb4bcb09cdcf4a", size = 414101, upload-time = "2025-10-16T19:44:25.152Z" },
    { url = "https://files.pythonhosted.org/packages/7d/8d/70ed8ad284cf228d5ae89a6d3d99f21ccc78b270e8ddea4a0ca4575c5185/whenever-0.9.3-cp313-cp313-win_amd64.whl", hash = "sha256:c075bad2f67e9c5b561b9643b44b396cb7bb6c5764f1f7d846755ebe9e215574", size = 422869, upload-time = "2025-10-16T19:44:34.595Z" },
    { url = "https://files.pythonhosted.org/packages/53/43/84d2eb1dea42be651d74dda1f6c432b61a389784b47b2b8be70b9c6d5c1b/whenever-0.9.3-cp314-cp314-macosx_10_12_x86_64.whl", hash = "sha256:71a07a748c8a48f952b0d5a80502911d6b3c553030214fb289e4527949382231", size = 458989, upload-time = "2025-10-16T19:44:17.082Z" },
    { url = "https://files.pythonhosted.org/packages/5e/a9/082c396b4cb41b93333852cefbc44b9a59640f147d74f3b23391fe566c0a/whenever-0.9.3-cp314-cp314-macosx_11_0_arm64.whl", hash = "sha256:3dba58f009a2d127875410af9e8296958875257ca22889961a5ba51655364bbd", size = 431683, upload-time = "2025-10-16T19:44:08.841Z" },
    { url = "https://files.pythonhosted.org/packages/6a/b2/e91e04d7d1e914f36e46e127145bcf2fd4fb7cc8b0323603549b022c1daa/whenever-0.9.3-cp314-cp314-manylinux_2_17_aarch64.manylinux2014_aarch64.whl", hash = "sha256:3d75a4c8f58f1a36be812aec838d779266ae30a954d690d6e362c3a52ac9e1c5", size = 449103, upload-time = "2025-10-16T19:42:40.768Z" },
    { url = "https://files.pythonhosted.org/packages/86/20/c5938823111ed750e18dae2fc664d7d82d430a45cda7c5ac431d857e2e33/whenever-0.9.3-cp314-cp314-manylinux_2_17_armv7l.manylinux2014_armv7l.whl", hash = "sha256:07309b9f77380e5564ff7d7ab47d0ea041ecc8465d67e747a5fa17f5b9f817fb", size = 496227, upload-time = "2025-10-16T19:42:58.799Z" },
    { url = "https://files.pythonhosted.org/packages/af/6a/f78d191ce5eac1ec6ee1e025a8f61c4062da91ed2ffdb456d0a7af639167/whenever-0.9.3-cp314-cp314-manylinux_2_17_ppc64le.manylinux2014_ppc64le.whl", hash = "sha256:5ec5bf917a8df32b7ec497c9f40a445f12d2f1135862d1ca0cd889168088645e", size = 489542, upload-time = "2025-10-16T19:43:16.406Z" },
    { url = "https://files.pythonhosted.org/packages/7a/62/a2db36a62be81701f05392513251412e55d67c4fe75c414c1c278cdc9031/whenever-0.9.3-cp314-cp314-manylinux_2_17_s390x.manylinux2014_s390x.whl", hash = "sha256:434a357bf50542e1478fdaf9c3025e11d072a22d1050a4969a9cad66b12c5734", size = 520663, upload-time = "2025-10-16T19:43:24.512Z" },
    { url = "https://files.pythonhosted.org/packages/cd/3d/d4d0b324eda1120d309dcd9cbbffca633e677781e08b14f27635041e7aa2/whenever-0.9.3-cp314-cp314-manylinux_2_17_x86_64.manylinux2014_x86_64.whl", hash = "sha256:61b49c8e66044e9f15f1e64b5091f3efe79eb7329a2a1a02e707a8ad98f7cf2b", size = 481155, upload-time = "2025-10-16T19:43:51.625Z" },
    { url = "https://files.pythonhosted.org/packages/67/7c/15bf5d01e31c841ad17042b30a000010bea2ac0744f98b30872fd9b3c3fa/whenever-0.9.3-cp314-cp314-manylinux_2_5_i686.manylinux1_i686.whl", hash = "sha256:bc84c74fae6ab50f7b8c9e1e740e49e177eac8a16395b6bcbf260be59999e35d", size = 519631, upload-time = "2025-10-16T19:43:33.279Z" },
    { url = "https://files.pythonhosted.org/packages/dc/79/c6c5671e6d393e81c84b5cc843941ae756479abef092f02df219604fff7f/whenever-0.9.3-cp314-cp314-musllinux_1_2_aarch64.whl", hash = "sha256:067e9b26b2c1114a18272f96b2cf9c3bd8200dd1d3a93498387b9c8067c15ac2", size = 627480, upload-time = "2025-10-16T19:42:51.115Z" },
    { url = "https://files.pythonhosted.org/packages/e9/8d/bbd22e3540360a1ea871bcc07c5af2c5ba71e6c54c7cf762805df79d76f0/whenever-0.9.3-cp314-cp314-musllinux_1_2_armv7l.whl", hash = "sha256:24e8584f43d7cc99b1bc89e9db748990d098a13fa56c11285ca50e8a1d745ceb", size = 760930, upload-time = "2025-10-16T19:43:07.783Z" },
    { url = "https://files.pythonhosted.org/packages/45/f7/957ca2b38e40be0ed721cbef2cb2df3bbaf0767c253408f14f41901fec49/whenever-0.9.3-cp314-cp314-musllinux_1_2_i686.whl", hash = "sha256:79c9296d0c040da5eb350e0e61682f36169fc0c63c1545ca1d0505f6c4a9f64b", size = 691669, upload-time = "2025-10-16T19:43:41.637Z" },
    { url = "https://files.pythonhosted.org/packages/04/9b/0719c857dc4e39b738fe185a3f5b201bfa566fe5d5d41fe34e8746e7736a/whenever-0.9.3-cp314-cp314-musllinux_1_2_x86_64.whl", hash = "sha256:f99be7de17f590c94be895e626377afe0b27049f2ac705390edc089bcfe9cce1", size = 652410, upload-time = "2025-10-16T19:43:59.567Z" },
    { url = "https://files.pythonhosted.org/packages/0c/95/504330d21987beed1504dd4e00528391180574619f467e381ceaa487f34d/whenever-0.9.3-cp314-cp314-win32.whl", hash = "sha256:564ed0ac5b71d2350aefa2f15d99f569380f39b78b15cf85ffd8aad95a660d5b", size = 415644, upload-time = "2025-10-16T19:44:27.068Z" },
    { url = "https://files.pythonhosted.org/packages/2a/7a/1a82153345fd66698d34c9fc40ceac92ad32f99c307da6e8cb29d6298a40/whenever-0.9.3-cp314-cp314-win_amd64.whl", hash = "sha256:b2a5ccbcf6bd9808b56c46b4f2b5a5a20ff08a61b0fef3ddf8822095e4850979", size = 425159, upload-time = "2025-10-16T19:44:36.366Z" },
    { url = "https://files.pythonhosted.org/packages/bf/7b/d2eb5e65f0c892ffe7fe0658861b7797368a056829b8e7b2af3ba3598260/whenever-0.9.3-py3-none-any.whl", hash = "sha256:fea97d1b6645837a608c593bcca94d70d7edbfe66ce442edc5455fcc3b659284", size = 64404, upload-time = "2025-10-16T19:44:39.656Z" },
]
